
Microsoft Visual Studio Solution File, Format Version 12.00
# Visual Studio 2013
VisualStudioVersion = 12.0.31101.0
MinimumVisualStudioVersion = 10.0.40219.1
Project("{FAE04EC0-301F-11D3-BF4B-00C04F79EFBC}") = "ClickOnceUniqueId", "ClickOnceUniqueId.csproj", "{CDD9D213-D567-4399-8760-DF19A3C48BCD}"
EndProject
Global
	GlobalSection(SolutionConfigurationPlatforms) = preSolution
		Debug|Any CPU = Debug|Any CPU
		Release|Any CPU = Release|Any CPU
	EndGlobalSection
	GlobalSection(ProjectConfigurationPlatforms) = postSolution
		{CDD9D213-D567-4399-8760-DF19A3C48BCD}.Debug|Any CPU.ActiveCfg = Debug|Any CPU
		{CDD9D213-D567-4399-8760-DF19A3C48BCD}.Debug|Any CPU.Build.0 = Debug|Any CPU
		{CDD9D213-D567-4399-8760-DF19A3C48BCD}.Release|Any CPU.ActiveCfg = Release|Any CPU
		{CDD9D213-D567-4399-8760-DF19A3C48BCD}.Release|Any CPU.Build.0 = Release|Any CPU
	EndGlobalSection
	GlobalSection(SolutionProperties) = preSolution
		HideSolutionNode = FALSE
	EndGlobalSection
EndGlobal
